
Microsoft Visual Studio Solution File, Format Version 12.00
# Visual Studio 15
VisualStudioVersion = 15.0.27004.2002
MinimumVisualStudioVersion = 10.0.40219.1
Project("{FAE04EC0-301F-11D3-BF4B-00C04F79EFBC}") = "Funciones16", "Funciones16\Funciones16.csproj", "{8C503908-98B5-44B1-8427-364A867D2CCF}"
EndProject
Global
	GlobalSection(SolutionConfigurationPlatforms) = preSolution
		Debug|Any CPU = Debug|Any CPU
		Release|Any CPU = Release|Any CPU
	EndGlobalSection
	GlobalSection(ProjectConfigurationPlatforms) = postSolution
		{8C503908-98B5-44B1-8427-364A867D2CCF}.Debug|Any CPU.ActiveCfg = Debug|Any CPU
		{8C503908-98B5-44B1-8427-364A867D2CCF}.Debug|Any CPU.Build.0 = Debug|Any CPU
		{8C503908-98B5-44B1-8427-364A867D2CCF}.Release|Any CPU.ActiveCfg = Release|Any CPU
		{8C503908-98B5-44B1-8427-364A867D2CCF}.Release|Any CPU.Build.0 = Release|Any CPU
	EndGlobalSection
	GlobalSection(SolutionProperties) = preSolution
		HideSolutionNode = FALSE
	EndGlobalSection
	GlobalSection(ExtensibilityGlobals) = postSolution
		SolutionGuid = {202F460F-5368-4FC1-9D3F-67C779234566}
	EndGlobalSection
EndGlobal
