
Microsoft Visual Studio Solution File, Format Version 12.00
# Visual Studio 15
VisualStudioVersion = 15.0.27004.2002
MinimumVisualStudioVersion = 10.0.40219.1
Project("{FAE04EC0-301F-11D3-BF4B-00C04F79EFBC}") = "Funciones7", "Funciones7\Funciones7.csproj", "{0C1EFEBA-729D-4994-B679-21610752690D}"
EndProject
Global
	GlobalSection(SolutionConfigurationPlatforms) = preSolution
		Debug|Any CPU = Debug|Any CPU
		Release|Any CPU = Release|Any CPU
	EndGlobalSection
	GlobalSection(ProjectConfigurationPlatforms) = postSolution
		{0C1EFEBA-729D-4994-B679-21610752690D}.Debug|Any CPU.ActiveCfg = Debug|Any CPU
		{0C1EFEBA-729D-4994-B679-21610752690D}.Debug|Any CPU.Build.0 = Debug|Any CPU
		{0C1EFEBA-729D-4994-B679-21610752690D}.Release|Any CPU.ActiveCfg = Release|Any CPU
		{0C1EFEBA-729D-4994-B679-21610752690D}.Release|Any CPU.Build.0 = Release|Any CPU
	EndGlobalSection
	GlobalSection(SolutionProperties) = preSolution
		HideSolutionNode = FALSE
	EndGlobalSection
	GlobalSection(ExtensibilityGlobals) = postSolution
		SolutionGuid = {A384AA47-25A2-4EB3-A39B-CF1352C7F552}
	EndGlobalSection
EndGlobal
