
Microsoft Visual Studio Solution File, Format Version 12.00
# Visual Studio 15
VisualStudioVersion = 15.0.26730.16
MinimumVisualStudioVersion = 10.0.40219.1
Project("{FAE04EC0-301F-11D3-BF4B-00C04F79EFBC}") = "Ejerc_4_sentenciasCondicionales", "Ejerc_4_sentenciasCondicionales\Ejerc_4_sentenciasCondicionales.csproj", "{45BBF115-C85C-46C4-9186-849EFDFBF8F1}"
EndProject
Global
	GlobalSection(SolutionConfigurationPlatforms) = preSolution
		Debug|Any CPU = Debug|Any CPU
		Release|Any CPU = Release|Any CPU
	EndGlobalSection
	GlobalSection(ProjectConfigurationPlatforms) = postSolution
		{45BBF115-C85C-46C4-9186-849EFDFBF8F1}.Debug|Any CPU.ActiveCfg = Debug|Any CPU
		{45BBF115-C85C-46C4-9186-849EFDFBF8F1}.Debug|Any CPU.Build.0 = Debug|Any CPU
		{45BBF115-C85C-46C4-9186-849EFDFBF8F1}.Release|Any CPU.ActiveCfg = Release|Any CPU
		{45BBF115-C85C-46C4-9186-849EFDFBF8F1}.Release|Any CPU.Build.0 = Release|Any CPU
	EndGlobalSection
	GlobalSection(SolutionProperties) = preSolution
		HideSolutionNode = FALSE
	EndGlobalSection
	GlobalSection(ExtensibilityGlobals) = postSolution
		SolutionGuid = {553B2969-2C84-46E1-9F39-E19B0E824655}
	EndGlobalSection
EndGlobal
