
Microsoft Visual Studio Solution File, Format Version 12.00
# Visual Studio 15
VisualStudioVersion = 15.0.27004.2002
MinimumVisualStudioVersion = 10.0.40219.1
Project("{FAE04EC0-301F-11D3-BF4B-00C04F79EFBC}") = "Funciones11", "Funciones11\Funciones11.csproj", "{93D9186C-0D6D-44B7-9C23-ADE2D344414A}"
EndProject
Global
	GlobalSection(SolutionConfigurationPlatforms) = preSolution
		Debug|Any CPU = Debug|Any CPU
		Release|Any CPU = Release|Any CPU
	EndGlobalSection
	GlobalSection(ProjectConfigurationPlatforms) = postSolution
		{93D9186C-0D6D-44B7-9C23-ADE2D344414A}.Debug|Any CPU.ActiveCfg = Debug|Any CPU
		{93D9186C-0D6D-44B7-9C23-ADE2D344414A}.Debug|Any CPU.Build.0 = Debug|Any CPU
		{93D9186C-0D6D-44B7-9C23-ADE2D344414A}.Release|Any CPU.ActiveCfg = Release|Any CPU
		{93D9186C-0D6D-44B7-9C23-ADE2D344414A}.Release|Any CPU.Build.0 = Release|Any CPU
	EndGlobalSection
	GlobalSection(SolutionProperties) = preSolution
		HideSolutionNode = FALSE
	EndGlobalSection
	GlobalSection(ExtensibilityGlobals) = postSolution
		SolutionGuid = {EACB6318-514D-48BD-9D55-48F4D1F58E50}
	EndGlobalSection
EndGlobal
