
Microsoft Visual Studio Solution File, Format Version 12.00
# Visual Studio 15
VisualStudioVersion = 15.0.26730.16
MinimumVisualStudioVersion = 10.0.40219.1
Project("{FAE04EC0-301F-11D3-BF4B-00C04F79EFBC}") = "27", "27\27.csproj", "{1DC4FC44-8DEF-4DA0-ADF0-170643859882}"
EndProject
Global
	GlobalSection(SolutionConfigurationPlatforms) = preSolution
		Debug|Any CPU = Debug|Any CPU
		Release|Any CPU = Release|Any CPU
	EndGlobalSection
	GlobalSection(ProjectConfigurationPlatforms) = postSolution
		{1DC4FC44-8DEF-4DA0-ADF0-170643859882}.Debug|Any CPU.ActiveCfg = Debug|Any CPU
		{1DC4FC44-8DEF-4DA0-ADF0-170643859882}.Debug|Any CPU.Build.0 = Debug|Any CPU
		{1DC4FC44-8DEF-4DA0-ADF0-170643859882}.Release|Any CPU.ActiveCfg = Release|Any CPU
		{1DC4FC44-8DEF-4DA0-ADF0-170643859882}.Release|Any CPU.Build.0 = Release|Any CPU
	EndGlobalSection
	GlobalSection(SolutionProperties) = preSolution
		HideSolutionNode = FALSE
	EndGlobalSection
	GlobalSection(ExtensibilityGlobals) = postSolution
		SolutionGuid = {E303C14A-AAEF-47D3-BB8C-14CFBF308F8A}
	EndGlobalSection
EndGlobal
