
Microsoft Visual Studio Solution File, Format Version 12.00
# Visual Studio 15
VisualStudioVersion = 15.0.27004.2002
MinimumVisualStudioVersion = 10.0.40219.1
Project("{FAE04EC0-301F-11D3-BF4B-00C04F79EFBC}") = "Funciones13", "Funciones13\Funciones13.csproj", "{B00B1EFE-D32C-4A55-A5C6-D45C30158661}"
EndProject
Global
	GlobalSection(SolutionConfigurationPlatforms) = preSolution
		Debug|Any CPU = Debug|Any CPU
		Release|Any CPU = Release|Any CPU
	EndGlobalSection
	GlobalSection(ProjectConfigurationPlatforms) = postSolution
		{B00B1EFE-D32C-4A55-A5C6-D45C30158661}.Debug|Any CPU.ActiveCfg = Debug|Any CPU
		{B00B1EFE-D32C-4A55-A5C6-D45C30158661}.Debug|Any CPU.Build.0 = Debug|Any CPU
		{B00B1EFE-D32C-4A55-A5C6-D45C30158661}.Release|Any CPU.ActiveCfg = Release|Any CPU
		{B00B1EFE-D32C-4A55-A5C6-D45C30158661}.Release|Any CPU.Build.0 = Release|Any CPU
	EndGlobalSection
	GlobalSection(SolutionProperties) = preSolution
		HideSolutionNode = FALSE
	EndGlobalSection
	GlobalSection(ExtensibilityGlobals) = postSolution
		SolutionGuid = {B4267FBE-12AA-4730-9B81-C2DAA139FB19}
	EndGlobalSection
EndGlobal
