
Microsoft Visual Studio Solution File, Format Version 12.00
# Visual Studio 15
VisualStudioVersion = 15.0.26730.16
MinimumVisualStudioVersion = 10.0.40219.1
Project("{FAE04EC0-301F-11D3-BF4B-00C04F79EFBC}") = "BucleWhile_Ejerc_15", "BucleWhile_Ejerc_15\BucleWhile_Ejerc_15.csproj", "{960C6FFF-346A-4C57-B7D5-A177C3CFFB31}"
EndProject
Global
	GlobalSection(SolutionConfigurationPlatforms) = preSolution
		Debug|Any CPU = Debug|Any CPU
		Release|Any CPU = Release|Any CPU
	EndGlobalSection
	GlobalSection(ProjectConfigurationPlatforms) = postSolution
		{960C6FFF-346A-4C57-B7D5-A177C3CFFB31}.Debug|Any CPU.ActiveCfg = Debug|Any CPU
		{960C6FFF-346A-4C57-B7D5-A177C3CFFB31}.Debug|Any CPU.Build.0 = Debug|Any CPU
		{960C6FFF-346A-4C57-B7D5-A177C3CFFB31}.Release|Any CPU.ActiveCfg = Release|Any CPU
		{960C6FFF-346A-4C57-B7D5-A177C3CFFB31}.Release|Any CPU.Build.0 = Release|Any CPU
	EndGlobalSection
	GlobalSection(SolutionProperties) = preSolution
		HideSolutionNode = FALSE
	EndGlobalSection
	GlobalSection(ExtensibilityGlobals) = postSolution
		SolutionGuid = {276DD8C6-CC14-4808-8E09-96BE5F8A269F}
	EndGlobalSection
EndGlobal
