
Microsoft Visual Studio Solution File, Format Version 12.00
# Visual Studio 15
VisualStudioVersion = 15.0.27004.2002
MinimumVisualStudioVersion = 10.0.40219.1
Project("{FAE04EC0-301F-11D3-BF4B-00C04F79EFBC}") = "Funcion20", "Funcion20\Funcion20.csproj", "{521E1E19-DE11-49AD-950F-924EBDE91139}"
EndProject
Global
	GlobalSection(SolutionConfigurationPlatforms) = preSolution
		Debug|Any CPU = Debug|Any CPU
		Release|Any CPU = Release|Any CPU
	EndGlobalSection
	GlobalSection(ProjectConfigurationPlatforms) = postSolution
		{521E1E19-DE11-49AD-950F-924EBDE91139}.Debug|Any CPU.ActiveCfg = Debug|Any CPU
		{521E1E19-DE11-49AD-950F-924EBDE91139}.Debug|Any CPU.Build.0 = Debug|Any CPU
		{521E1E19-DE11-49AD-950F-924EBDE91139}.Release|Any CPU.ActiveCfg = Release|Any CPU
		{521E1E19-DE11-49AD-950F-924EBDE91139}.Release|Any CPU.Build.0 = Release|Any CPU
	EndGlobalSection
	GlobalSection(SolutionProperties) = preSolution
		HideSolutionNode = FALSE
	EndGlobalSection
	GlobalSection(ExtensibilityGlobals) = postSolution
		SolutionGuid = {7E19558C-EE6C-42EF-9F06-E5A9C8CAD700}
	EndGlobalSection
EndGlobal
