
Microsoft Visual Studio Solution File, Format Version 12.00
# Visual Studio 15
VisualStudioVersion = 15.0.26730.16
MinimumVisualStudioVersion = 10.0.40219.1
Project("{FAE04EC0-301F-11D3-BF4B-00C04F79EFBC}") = "Ejerc_3_sentenciasCondicionales", "Ejerc_3_sentenciasCondicionales\Ejerc_3_sentenciasCondicionales.csproj", "{A16C4735-F178-460E-9276-996F29599BAE}"
EndProject
Global
	GlobalSection(SolutionConfigurationPlatforms) = preSolution
		Debug|Any CPU = Debug|Any CPU
		Release|Any CPU = Release|Any CPU
	EndGlobalSection
	GlobalSection(ProjectConfigurationPlatforms) = postSolution
		{A16C4735-F178-460E-9276-996F29599BAE}.Debug|Any CPU.ActiveCfg = Debug|Any CPU
		{A16C4735-F178-460E-9276-996F29599BAE}.Debug|Any CPU.Build.0 = Debug|Any CPU
		{A16C4735-F178-460E-9276-996F29599BAE}.Release|Any CPU.ActiveCfg = Release|Any CPU
		{A16C4735-F178-460E-9276-996F29599BAE}.Release|Any CPU.Build.0 = Release|Any CPU
	EndGlobalSection
	GlobalSection(SolutionProperties) = preSolution
		HideSolutionNode = FALSE
	EndGlobalSection
	GlobalSection(ExtensibilityGlobals) = postSolution
		SolutionGuid = {1CAE5946-A6B3-41F5-97E2-B4F80E52FFFD}
	EndGlobalSection
EndGlobal
