
Microsoft Visual Studio Solution File, Format Version 12.00
# Visual Studio 15
VisualStudioVersion = 15.0.26730.16
MinimumVisualStudioVersion = 10.0.40219.1
Project("{FAE04EC0-301F-11D3-BF4B-00C04F79EFBC}") = "Ejercicio22", "Ejercicio22\Ejercicio22.csproj", "{0884AA04-8FAE-414C-BA82-641E9EF6C074}"
EndProject
Global
	GlobalSection(SolutionConfigurationPlatforms) = preSolution
		Debug|Any CPU = Debug|Any CPU
		Release|Any CPU = Release|Any CPU
	EndGlobalSection
	GlobalSection(ProjectConfigurationPlatforms) = postSolution
		{0884AA04-8FAE-414C-BA82-641E9EF6C074}.Debug|Any CPU.ActiveCfg = Debug|Any CPU
		{0884AA04-8FAE-414C-BA82-641E9EF6C074}.Debug|Any CPU.Build.0 = Debug|Any CPU
		{0884AA04-8FAE-414C-BA82-641E9EF6C074}.Release|Any CPU.ActiveCfg = Release|Any CPU
		{0884AA04-8FAE-414C-BA82-641E9EF6C074}.Release|Any CPU.Build.0 = Release|Any CPU
	EndGlobalSection
	GlobalSection(SolutionProperties) = preSolution
		HideSolutionNode = FALSE
	EndGlobalSection
	GlobalSection(ExtensibilityGlobals) = postSolution
		SolutionGuid = {D7DB272A-7A13-42AB-82C0-EF2DF62CC068}
	EndGlobalSection
EndGlobal
